
Microsoft Visual Studio Solution File, Format Version 12.00
# Visual Studio Version 17
VisualStudioVersion = 17.1.32210.238
MinimumVisualStudioVersion = 10.0.40219.1
Project("{FAE04EC0-301F-11D3-BF4B-00C04F79EFBC}") = "01_ConsoleApp", "01_ConsoleApp.csproj", "{66CEE71B-D99F-48F9-BD8B-0F4EB59255AD}"
EndProject
Global
	GlobalSection(SolutionConfigurationPlatforms) = preSolution
		Debug|Any CPU = Debug|Any CPU
		Release|Any CPU = Release|Any CPU
	EndGlobalSection
	GlobalSection(ProjectConfigurationPlatforms) = postSolution
		{66CEE71B-D99F-48F9-BD8B-0F4EB59255AD}.Debug|Any CPU.ActiveCfg = Debug|Any CPU
		{66CEE71B-D99F-48F9-BD8B-0F4EB59255AD}.Debug|Any CPU.Build.0 = Debug|Any CPU
		{66CEE71B-D99F-48F9-BD8B-0F4EB59255AD}.Release|Any CPU.ActiveCfg = Release|Any CPU
		{66CEE71B-D99F-48F9-BD8B-0F4EB59255AD}.Release|Any CPU.Build.0 = Release|Any CPU
	EndGlobalSection
	GlobalSection(SolutionProperties) = preSolution
		HideSolutionNode = FALSE
	EndGlobalSection
	GlobalSection(ExtensibilityGlobals) = postSolution
		SolutionGuid = {24111458-3DFD-4E9E-AD40-FB6E5909E5C5}
	EndGlobalSection
EndGlobal
